
Microsoft Visual Studio Solution File, Format Version 12.00
# Visual Studio Version 17
VisualStudioVersion = 17.11.35312.102
MinimumVisualStudioVersion = 10.0.40219.1
Project("{2150E333-8FDC-42A3-9474-1A3956D46DE8}") = "Task0", "Task0", "{6F02FCBD-4B04-4949-8E94-2327AFA3F95D}"
EndProject
Project("{FAE04EC0-301F-11D3-BF4B-00C04F79EFBC}") = "Tyuiu.ZhanabaevTA.Sprint2.Task0.V3", "Tyuiu.ZhanabaevTA.Sprint2.Task0.V3\Tyuiu.ZhanabaevTA.Sprint2.Task0.V3.csproj", "{38D71084-88F0-47F2-A673-5909E12B635E}"
EndProject
Project("{FAE04EC0-301F-11D3-BF4B-00C04F79EFBC}") = "Tyuiu.ZhanabaevTA.Sprint2.Task0.V3.Test", "Tyuiu.ZhanabaevTA.Sprint2.Task0.V3.Test\Tyuiu.ZhanabaevTA.Sprint2.Task0.V3.Test.csproj", "{C933B310-EE25-485D-8858-623C041DA9B3}"
EndProject
Project("{FAE04EC0-301F-11D3-BF4B-00C04F79EFBC}") = "Tyuiu.ZhanabaevTA.Sprint2.Task0.V3.Lib", "Tyuiu.ZhanabaevTA.Sprint2.Task0.V3.Lib\Tyuiu.ZhanabaevTA.Sprint2.Task0.V3.Lib.csproj", "{0C2CE4F5-C431-43BA-ABDA-B9828E6AECBC}"
EndProject
Global
	GlobalSection(SolutionConfigurationPlatforms) = preSolution
		Debug|Any CPU = Debug|Any CPU
		Release|Any CPU = Release|Any CPU
	EndGlobalSection
	GlobalSection(ProjectConfigurationPlatforms) = postSolution
		{38D71084-88F0-47F2-A673-5909E12B635E}.Debug|Any CPU.ActiveCfg = Debug|Any CPU
		{38D71084-88F0-47F2-A673-5909E12B635E}.Debug|Any CPU.Build.0 = Debug|Any CPU
		{38D71084-88F0-47F2-A673-5909E12B635E}.Release|Any CPU.ActiveCfg = Release|Any CPU
		{38D71084-88F0-47F2-A673-5909E12B635E}.Release|Any CPU.Build.0 = Release|Any CPU
		{C933B310-EE25-485D-8858-623C041DA9B3}.Debug|Any CPU.ActiveCfg = Debug|Any CPU
		{C933B310-EE25-485D-8858-623C041DA9B3}.Debug|Any CPU.Build.0 = Debug|Any CPU
		{C933B310-EE25-485D-8858-623C041DA9B3}.Release|Any CPU.ActiveCfg = Release|Any CPU
		{C933B310-EE25-485D-8858-623C041DA9B3}.Release|Any CPU.Build.0 = Release|Any CPU
		{0C2CE4F5-C431-43BA-ABDA-B9828E6AECBC}.Debug|Any CPU.ActiveCfg = Debug|Any CPU
		{0C2CE4F5-C431-43BA-ABDA-B9828E6AECBC}.Debug|Any CPU.Build.0 = Debug|Any CPU
		{0C2CE4F5-C431-43BA-ABDA-B9828E6AECBC}.Release|Any CPU.ActiveCfg = Release|Any CPU
		{0C2CE4F5-C431-43BA-ABDA-B9828E6AECBC}.Release|Any CPU.Build.0 = Release|Any CPU
	EndGlobalSection
	GlobalSection(SolutionProperties) = preSolution
		HideSolutionNode = FALSE
	EndGlobalSection
	GlobalSection(NestedProjects) = preSolution
		{38D71084-88F0-47F2-A673-5909E12B635E} = {6F02FCBD-4B04-4949-8E94-2327AFA3F95D}
		{C933B310-EE25-485D-8858-623C041DA9B3} = {6F02FCBD-4B04-4949-8E94-2327AFA3F95D}
		{0C2CE4F5-C431-43BA-ABDA-B9828E6AECBC} = {6F02FCBD-4B04-4949-8E94-2327AFA3F95D}
	EndGlobalSection
	GlobalSection(ExtensibilityGlobals) = postSolution
		SolutionGuid = {6B1F751C-883B-4B8D-876D-776C421C8575}
	EndGlobalSection
EndGlobal
