
Microsoft Visual Studio Solution File, Format Version 12.00
# Visual Studio Version 17
VisualStudioVersion = 17.11.35312.102
MinimumVisualStudioVersion = 10.0.40219.1
Project("{2150E333-8FDC-42A3-9474-1A3956D46DE8}") = "Task0", "Task0", "{6F02FCBD-4B04-4949-8E94-2327AFA3F95D}"
EndProject
Project("{9A19103F-16F7-4668-BE54-9A1E7A4F7556}") = "Tyuiu.ZhanabaevTA.Sprint2.Task0.V3", "Tyuiu.ZhanabaevTA.Sprint2.Task0.V3\Tyuiu.ZhanabaevTA.Sprint2.Task0.V3.csproj", "{38D71084-88F0-47F2-A673-5909E12B635E}"
EndProject
Project("{9A19103F-16F7-4668-BE54-9A1E7A4F7556}") = "Tyuiu.ZhanabaevTA.Sprint2.Task0.V3.Test", "Tyuiu.ZhanabaevTA.Sprint2.Task0.V3.Test\Tyuiu.ZhanabaevTA.Sprint2.Task0.V3.Test.csproj", "{C933B310-EE25-485D-8858-623C041DA9B3}"
EndProject
Project("{9A19103F-16F7-4668-BE54-9A1E7A4F7556}") = "Tyuiu.ZhanabaevTA.Sprint2.Task0.V3.Lib", "Tyuiu.ZhanabaevTA.Sprint2.Task0.V3.Lib\Tyuiu.ZhanabaevTA.Sprint2.Task0.V3.Lib.csproj", "{0C2CE4F5-C431-43BA-ABDA-B9828E6AECBC}"
EndProject
Project("{2150E333-8FDC-42A3-9474-1A3956D46DE8}") = "Task1", "Task1", "{35C58941-BA55-45B1-9DFF-7A9609A6CB49}"
EndProject
Project("{9A19103F-16F7-4668-BE54-9A1E7A4F7556}") = "Tyuiu.ZhanabaevTA.Sprint2.Task1.V9.Lib", "Tyuiu.ZhanabaevTA.Sprint2.Task1.V9.Lib\Tyuiu.ZhanabaevTA.Sprint2.Task1.V9.Lib.csproj", "{9E8CBB0B-DF41-419F-8676-B2E5B56715A9}"
EndProject
Project("{9A19103F-16F7-4668-BE54-9A1E7A4F7556}") = "Tyuiu.ZhanabaevTA.Sprint2.Task1.V9.Test", "Tyuiu.ZhanabaevTA.Sprint2.Task1.V9.Test\Tyuiu.ZhanabaevTA.Sprint2.Task1.V9.Test.csproj", "{E76AC73A-6FD3-4782-83A2-569D8217A3CE}"
EndProject
Project("{9A19103F-16F7-4668-BE54-9A1E7A4F7556}") = "Tyuiu.ZhanabaevTA.Sprint2.Task1.V9", "Tyuiu.ZhanabaevTA.Sprint2.Task1.V9\Tyuiu.ZhanabaevTA.Sprint2.Task1.V9.csproj", "{1F951B54-72E9-45B3-B687-2774F7B998A4}"
EndProject
Project("{2150E333-8FDC-42A3-9474-1A3956D46DE8}") = "Task2", "Task2", "{B018C2D9-0EBE-4BAC-9275-CDEEC11B1304}"
EndProject
Project("{9A19103F-16F7-4668-BE54-9A1E7A4F7556}") = "Tyuiu.ZhanabaevTA.Sprint2.Task2.V8.Lib", "Tyuiu.ZhanabaevTA.Sprint2.Task2.V8.Lib\Tyuiu.ZhanabaevTA.Sprint2.Task2.V8.Lib.csproj", "{7FB6250D-66A5-4C78-9E83-91984872935B}"
EndProject
Project("{9A19103F-16F7-4668-BE54-9A1E7A4F7556}") = "Tyuiu.ZhanabaevTA.Sprint2.Task2.V8.Test", "Tyuiu.ZhanabaevTA.Sprint2.Task2.V8.Test\Tyuiu.ZhanabaevTA.Sprint2.Task2.V8.Test.csproj", "{52B3203D-BE4E-446B-8D01-9D4CFFB1E1A5}"
EndProject
Project("{9A19103F-16F7-4668-BE54-9A1E7A4F7556}") = "Tyuiu.ZhanabaevTA.Sprint2.Task2.V8", "Tyuiu.ZhanabaevTA.Sprint2.Task2.V8\Tyuiu.ZhanabaevTA.Sprint2.Task2.V8.csproj", "{025C83BE-9203-47A7-B748-6970E095B8EC}"
EndProject
Project("{2150E333-8FDC-42A3-9474-1A3956D46DE8}") = "Task3", "Task3", "{65317123-2968-4DA3-A562-6B906A801817}"
EndProject
Project("{9A19103F-16F7-4668-BE54-9A1E7A4F7556}") = "Tyuiu.ZhanabaevTA.Sprint2.Task3.V21.Test", "Tyuiu.ZhanabaevTA.Sprint2.Task3.V21.Test\Tyuiu.ZhanabaevTA.Sprint2.Task3.V21.Test.csproj", "{BE950363-E671-4A3F-AA17-039109BBBEEA}"
EndProject
Project("{9A19103F-16F7-4668-BE54-9A1E7A4F7556}") = "Tyuiu.ZhanabaevTA.Sprint2.Task3.V21.Lib", "Tyuiu.ZhanabaevTA.Sprint2.Task3.V21.Lib\Tyuiu.ZhanabaevTA.Sprint2.Task3.V21.Lib.csproj", "{A12CEA0C-4226-4FE4-829E-04E54A72CC2A}"
EndProject
Project("{9A19103F-16F7-4668-BE54-9A1E7A4F7556}") = "Tyuiu.ZhanabaevTA.Sprint2.Task3.V21", "Tyuiu.ZhanabaevTA.Sprint2.Task3.V21\Tyuiu.ZhanabaevTA.Sprint2.Task3.V21.csproj", "{E1F6FA03-A2A0-4C1A-B304-89E1998FBF18}"
EndProject
Project("{2150E333-8FDC-42A3-9474-1A3956D46DE8}") = "Task4", "Task4", "{CAEF5782-B6D8-4E20-9EE4-32C61E517ADA}"
EndProject
Project("{9A19103F-16F7-4668-BE54-9A1E7A4F7556}") = "Tyuiu.ZhanabaevTA.Sprint2.Task4.V5.Lib", "Tyuiu.ZhanabaevTA.Sprint2.Task4.V5.Lib\Tyuiu.ZhanabaevTA.Sprint2.Task4.V5.Lib.csproj", "{1EFC646D-2C26-4AE9-9317-BA6424BE62A6}"
EndProject
Project("{9A19103F-16F7-4668-BE54-9A1E7A4F7556}") = "Tyuiu.ZhanabaevTA.Sprint2.Task4.V5.Test", "Tyuiu.ZhanabaevTA.Sprint2.Task4.V5.Test\Tyuiu.ZhanabaevTA.Sprint2.Task4.V5.Test.csproj", "{B29AFA44-DBF0-4CD0-BF29-DEC4227E7FD7}"
EndProject
Project("{9A19103F-16F7-4668-BE54-9A1E7A4F7556}") = "Tyuiu.ZhanabaevTA.Sprint2.Task4.V5", "Tyuiu.ZhanabaevTA.Sprint2.Task4.V5\Tyuiu.ZhanabaevTA.Sprint2.Task4.V5.csproj", "{FC17C71F-1F10-4FED-8720-EF735A488265}"
EndProject
Project("{2150E333-8FDC-42A3-9474-1A3956D46DE8}") = "Task5", "Task5", "{0899B3DE-B9CA-445C-A215-2A0CAD2255E9}"
EndProject
Project("{9A19103F-16F7-4668-BE54-9A1E7A4F7556}") = "Tyuiu.ZhanabaevTA.Sprint2.Task5.V4.Lib", "Tyuiu.ZhanabaevTA.Sprint2.Task5.V4.Lib\Tyuiu.ZhanabaevTA.Sprint2.Task5.V4.Lib.csproj", "{37637516-B54E-4613-A07D-22EE1A651DAD}"
EndProject
Project("{9A19103F-16F7-4668-BE54-9A1E7A4F7556}") = "Tyuiu.ZhanabaevTA.Sprint2.Task5.V4.Test", "Tyuiu.ZhanabaevTA.Sprint2.Task5.V4.Test\Tyuiu.ZhanabaevTA.Sprint2.Task5.V4.Test.csproj", "{D9386EEF-0F85-408E-90C7-0614F2C7963E}"
EndProject
Project("{9A19103F-16F7-4668-BE54-9A1E7A4F7556}") = "Tyuiu.ZhanabaevTA.Sprint2.Task5.V4", "Tyuiu.ZhanabaevTA.Sprint2.Task5.V4\Tyuiu.ZhanabaevTA.Sprint2.Task5.V4.csproj", "{DCCE579C-4234-4088-8240-980531E068D3}"
EndProject
Project("{2150E333-8FDC-42A3-9474-1A3956D46DE8}") = "Task6", "Task6", "{284EF09D-657E-4738-B9FB-B5AFA356D3C5}"
EndProject
Project("{9A19103F-16F7-4668-BE54-9A1E7A4F7556}") = "Tyuiu.ZhanabaevTA.Sprint2.Task6.V7.Lib", "Tyuiu.ZhanabaevTA.Sprint2.Task6.V7.Lib\Tyuiu.ZhanabaevTA.Sprint2.Task6.V7.Lib.csproj", "{F1A16269-2F80-456B-B3B2-E128E06AFAC8}"
EndProject
Project("{9A19103F-16F7-4668-BE54-9A1E7A4F7556}") = "Tyuiu.ZhanabaevTA.Sprint2.Task6.V7.Test", "Tyuiu.ZhanabaevTA.Sprint2.Task6.V7.Test\Tyuiu.ZhanabaevTA.Sprint2.Task6.V7.Test.csproj", "{2AA040B9-079D-4226-B441-55373F2838FA}"
EndProject
Project("{9A19103F-16F7-4668-BE54-9A1E7A4F7556}") = "Tyuiu.ZhanabaevTA.Sprint2.Task6.V7", "Tyuiu.ZhanabaevTA.Sprint2.Task6.V7\Tyuiu.ZhanabaevTA.Sprint2.Task6.V7.csproj", "{1B9244C6-0149-4F4D-ACBA-6F7950243302}"
EndProject
Project("{2150E333-8FDC-42A3-9474-1A3956D46DE8}") = "Task7", "Task7", "{1B652BC3-85C3-4587-9279-406E25FC205E}"
EndProject
Project("{FAE04EC0-301F-11D3-BF4B-00C04F79EFBC}") = "Tyuiu.ZhanabaevTA.Sprint2.Task7.V15.Lib", "Tyuiu.ZhanabaevTA.Sprint2.Task7.V15.Lib\Tyuiu.ZhanabaevTA.Sprint2.Task7.V15.Lib.csproj", "{5C1DE48E-D660-4775-8721-876142C268DC}"
EndProject
Project("{FAE04EC0-301F-11D3-BF4B-00C04F79EFBC}") = "Tyuiu.ZhanabaevTA.Sprint2.Task7.V15.Test", "Tyuiu.ZhanabaevTA.Sprint2.Task7.V15.Test\Tyuiu.ZhanabaevTA.Sprint2.Task7.V15.Test.csproj", "{A5B54815-A35A-430A-9AC3-64386CF12A75}"
EndProject
Project("{FAE04EC0-301F-11D3-BF4B-00C04F79EFBC}") = "Tyuiu.ZhanabaevTA.Sprint2.Task7.V15", "Tyuiu.ZhanabaevTA.Sprint2.Task7.V15\Tyuiu.ZhanabaevTA.Sprint2.Task7.V15.csproj", "{14ED57F2-DEDC-4DF9-8325-46CB8D523213}"
EndProject
Global
	GlobalSection(SolutionConfigurationPlatforms) = preSolution
		Debug|Any CPU = Debug|Any CPU
		Release|Any CPU = Release|Any CPU
	EndGlobalSection
	GlobalSection(ProjectConfigurationPlatforms) = postSolution
		{38D71084-88F0-47F2-A673-5909E12B635E}.Debug|Any CPU.ActiveCfg = Debug|Any CPU
		{38D71084-88F0-47F2-A673-5909E12B635E}.Debug|Any CPU.Build.0 = Debug|Any CPU
		{38D71084-88F0-47F2-A673-5909E12B635E}.Release|Any CPU.ActiveCfg = Release|Any CPU
		{38D71084-88F0-47F2-A673-5909E12B635E}.Release|Any CPU.Build.0 = Release|Any CPU
		{C933B310-EE25-485D-8858-623C041DA9B3}.Debug|Any CPU.ActiveCfg = Debug|Any CPU
		{C933B310-EE25-485D-8858-623C041DA9B3}.Debug|Any CPU.Build.0 = Debug|Any CPU
		{C933B310-EE25-485D-8858-623C041DA9B3}.Release|Any CPU.ActiveCfg = Release|Any CPU
		{C933B310-EE25-485D-8858-623C041DA9B3}.Release|Any CPU.Build.0 = Release|Any CPU
		{0C2CE4F5-C431-43BA-ABDA-B9828E6AECBC}.Debug|Any CPU.ActiveCfg = Debug|Any CPU
		{0C2CE4F5-C431-43BA-ABDA-B9828E6AECBC}.Debug|Any CPU.Build.0 = Debug|Any CPU
		{0C2CE4F5-C431-43BA-ABDA-B9828E6AECBC}.Release|Any CPU.ActiveCfg = Release|Any CPU
		{0C2CE4F5-C431-43BA-ABDA-B9828E6AECBC}.Release|Any CPU.Build.0 = Release|Any CPU
		{9E8CBB0B-DF41-419F-8676-B2E5B56715A9}.Debug|Any CPU.ActiveCfg = Debug|Any CPU
		{9E8CBB0B-DF41-419F-8676-B2E5B56715A9}.Debug|Any CPU.Build.0 = Debug|Any CPU
		{9E8CBB0B-DF41-419F-8676-B2E5B56715A9}.Release|Any CPU.ActiveCfg = Release|Any CPU
		{9E8CBB0B-DF41-419F-8676-B2E5B56715A9}.Release|Any CPU.Build.0 = Release|Any CPU
		{E76AC73A-6FD3-4782-83A2-569D8217A3CE}.Debug|Any CPU.ActiveCfg = Debug|Any CPU
		{E76AC73A-6FD3-4782-83A2-569D8217A3CE}.Debug|Any CPU.Build.0 = Debug|Any CPU
		{E76AC73A-6FD3-4782-83A2-569D8217A3CE}.Release|Any CPU.ActiveCfg = Release|Any CPU
		{E76AC73A-6FD3-4782-83A2-569D8217A3CE}.Release|Any CPU.Build.0 = Release|Any CPU
		{1F951B54-72E9-45B3-B687-2774F7B998A4}.Debug|Any CPU.ActiveCfg = Debug|Any CPU
		{1F951B54-72E9-45B3-B687-2774F7B998A4}.Debug|Any CPU.Build.0 = Debug|Any CPU
		{1F951B54-72E9-45B3-B687-2774F7B998A4}.Release|Any CPU.ActiveCfg = Release|Any CPU
		{1F951B54-72E9-45B3-B687-2774F7B998A4}.Release|Any CPU.Build.0 = Release|Any CPU
		{7FB6250D-66A5-4C78-9E83-91984872935B}.Debug|Any CPU.ActiveCfg = Debug|Any CPU
		{7FB6250D-66A5-4C78-9E83-91984872935B}.Debug|Any CPU.Build.0 = Debug|Any CPU
		{7FB6250D-66A5-4C78-9E83-91984872935B}.Release|Any CPU.ActiveCfg = Release|Any CPU
		{7FB6250D-66A5-4C78-9E83-91984872935B}.Release|Any CPU.Build.0 = Release|Any CPU
		{52B3203D-BE4E-446B-8D01-9D4CFFB1E1A5}.Debug|Any CPU.ActiveCfg = Debug|Any CPU
		{52B3203D-BE4E-446B-8D01-9D4CFFB1E1A5}.Debug|Any CPU.Build.0 = Debug|Any CPU
		{52B3203D-BE4E-446B-8D01-9D4CFFB1E1A5}.Release|Any CPU.ActiveCfg = Release|Any CPU
		{52B3203D-BE4E-446B-8D01-9D4CFFB1E1A5}.Release|Any CPU.Build.0 = Release|Any CPU
		{025C83BE-9203-47A7-B748-6970E095B8EC}.Debug|Any CPU.ActiveCfg = Debug|Any CPU
		{025C83BE-9203-47A7-B748-6970E095B8EC}.Debug|Any CPU.Build.0 = Debug|Any CPU
		{025C83BE-9203-47A7-B748-6970E095B8EC}.Release|Any CPU.ActiveCfg = Release|Any CPU
		{025C83BE-9203-47A7-B748-6970E095B8EC}.Release|Any CPU.Build.0 = Release|Any CPU
		{BE950363-E671-4A3F-AA17-039109BBBEEA}.Debug|Any CPU.ActiveCfg = Debug|Any CPU
		{BE950363-E671-4A3F-AA17-039109BBBEEA}.Debug|Any CPU.Build.0 = Debug|Any CPU
		{BE950363-E671-4A3F-AA17-039109BBBEEA}.Release|Any CPU.ActiveCfg = Release|Any CPU
		{BE950363-E671-4A3F-AA17-039109BBBEEA}.Release|Any CPU.Build.0 = Release|Any CPU
		{A12CEA0C-4226-4FE4-829E-04E54A72CC2A}.Debug|Any CPU.ActiveCfg = Debug|Any CPU
		{A12CEA0C-4226-4FE4-829E-04E54A72CC2A}.Debug|Any CPU.Build.0 = Debug|Any CPU
		{A12CEA0C-4226-4FE4-829E-04E54A72CC2A}.Release|Any CPU.ActiveCfg = Release|Any CPU
		{A12CEA0C-4226-4FE4-829E-04E54A72CC2A}.Release|Any CPU.Build.0 = Release|Any CPU
		{E1F6FA03-A2A0-4C1A-B304-89E1998FBF18}.Debug|Any CPU.ActiveCfg = Debug|Any CPU
		{E1F6FA03-A2A0-4C1A-B304-89E1998FBF18}.Debug|Any CPU.Build.0 = Debug|Any CPU
		{E1F6FA03-A2A0-4C1A-B304-89E1998FBF18}.Release|Any CPU.ActiveCfg = Release|Any CPU
		{E1F6FA03-A2A0-4C1A-B304-89E1998FBF18}.Release|Any CPU.Build.0 = Release|Any CPU
		{1EFC646D-2C26-4AE9-9317-BA6424BE62A6}.Debug|Any CPU.ActiveCfg = Debug|Any CPU
		{1EFC646D-2C26-4AE9-9317-BA6424BE62A6}.Debug|Any CPU.Build.0 = Debug|Any CPU
		{1EFC646D-2C26-4AE9-9317-BA6424BE62A6}.Release|Any CPU.ActiveCfg = Release|Any CPU
		{1EFC646D-2C26-4AE9-9317-BA6424BE62A6}.Release|Any CPU.Build.0 = Release|Any CPU
		{B29AFA44-DBF0-4CD0-BF29-DEC4227E7FD7}.Debug|Any CPU.ActiveCfg = Debug|Any CPU
		{B29AFA44-DBF0-4CD0-BF29-DEC4227E7FD7}.Debug|Any CPU.Build.0 = Debug|Any CPU
		{B29AFA44-DBF0-4CD0-BF29-DEC4227E7FD7}.Release|Any CPU.ActiveCfg = Release|Any CPU
		{B29AFA44-DBF0-4CD0-BF29-DEC4227E7FD7}.Release|Any CPU.Build.0 = Release|Any CPU
		{FC17C71F-1F10-4FED-8720-EF735A488265}.Debug|Any CPU.ActiveCfg = Debug|Any CPU
		{FC17C71F-1F10-4FED-8720-EF735A488265}.Debug|Any CPU.Build.0 = Debug|Any CPU
		{FC17C71F-1F10-4FED-8720-EF735A488265}.Release|Any CPU.ActiveCfg = Release|Any CPU
		{FC17C71F-1F10-4FED-8720-EF735A488265}.Release|Any CPU.Build.0 = Release|Any CPU
		{37637516-B54E-4613-A07D-22EE1A651DAD}.Debug|Any CPU.ActiveCfg = Debug|Any CPU
		{37637516-B54E-4613-A07D-22EE1A651DAD}.Debug|Any CPU.Build.0 = Debug|Any CPU
		{37637516-B54E-4613-A07D-22EE1A651DAD}.Release|Any CPU.ActiveCfg = Release|Any CPU
		{37637516-B54E-4613-A07D-22EE1A651DAD}.Release|Any CPU.Build.0 = Release|Any CPU
		{D9386EEF-0F85-408E-90C7-0614F2C7963E}.Debug|Any CPU.ActiveCfg = Debug|Any CPU
		{D9386EEF-0F85-408E-90C7-0614F2C7963E}.Debug|Any CPU.Build.0 = Debug|Any CPU
		{D9386EEF-0F85-408E-90C7-0614F2C7963E}.Release|Any CPU.ActiveCfg = Release|Any CPU
		{D9386EEF-0F85-408E-90C7-0614F2C7963E}.Release|Any CPU.Build.0 = Release|Any CPU
		{DCCE579C-4234-4088-8240-980531E068D3}.Debug|Any CPU.ActiveCfg = Debug|Any CPU
		{DCCE579C-4234-4088-8240-980531E068D3}.Debug|Any CPU.Build.0 = Debug|Any CPU
		{DCCE579C-4234-4088-8240-980531E068D3}.Release|Any CPU.ActiveCfg = Release|Any CPU
		{DCCE579C-4234-4088-8240-980531E068D3}.Release|Any CPU.Build.0 = Release|Any CPU
		{F1A16269-2F80-456B-B3B2-E128E06AFAC8}.Debug|Any CPU.ActiveCfg = Debug|Any CPU
		{F1A16269-2F80-456B-B3B2-E128E06AFAC8}.Debug|Any CPU.Build.0 = Debug|Any CPU
		{F1A16269-2F80-456B-B3B2-E128E06AFAC8}.Release|Any CPU.ActiveCfg = Release|Any CPU
		{F1A16269-2F80-456B-B3B2-E128E06AFAC8}.Release|Any CPU.Build.0 = Release|Any CPU
		{2AA040B9-079D-4226-B441-55373F2838FA}.Debug|Any CPU.ActiveCfg = Debug|Any CPU
		{2AA040B9-079D-4226-B441-55373F2838FA}.Debug|Any CPU.Build.0 = Debug|Any CPU
		{2AA040B9-079D-4226-B441-55373F2838FA}.Release|Any CPU.ActiveCfg = Release|Any CPU
		{2AA040B9-079D-4226-B441-55373F2838FA}.Release|Any CPU.Build.0 = Release|Any CPU
		{1B9244C6-0149-4F4D-ACBA-6F7950243302}.Debug|Any CPU.ActiveCfg = Debug|Any CPU
		{1B9244C6-0149-4F4D-ACBA-6F7950243302}.Debug|Any CPU.Build.0 = Debug|Any CPU
		{1B9244C6-0149-4F4D-ACBA-6F7950243302}.Release|Any CPU.ActiveCfg = Release|Any CPU
		{1B9244C6-0149-4F4D-ACBA-6F7950243302}.Release|Any CPU.Build.0 = Release|Any CPU
		{5C1DE48E-D660-4775-8721-876142C268DC}.Debug|Any CPU.ActiveCfg = Debug|Any CPU
		{5C1DE48E-D660-4775-8721-876142C268DC}.Debug|Any CPU.Build.0 = Debug|Any CPU
		{5C1DE48E-D660-4775-8721-876142C268DC}.Release|Any CPU.ActiveCfg = Release|Any CPU
		{5C1DE48E-D660-4775-8721-876142C268DC}.Release|Any CPU.Build.0 = Release|Any CPU
		{A5B54815-A35A-430A-9AC3-64386CF12A75}.Debug|Any CPU.ActiveCfg = Debug|Any CPU
		{A5B54815-A35A-430A-9AC3-64386CF12A75}.Debug|Any CPU.Build.0 = Debug|Any CPU
		{A5B54815-A35A-430A-9AC3-64386CF12A75}.Release|Any CPU.ActiveCfg = Release|Any CPU
		{A5B54815-A35A-430A-9AC3-64386CF12A75}.Release|Any CPU.Build.0 = Release|Any CPU
		{14ED57F2-DEDC-4DF9-8325-46CB8D523213}.Debug|Any CPU.ActiveCfg = Debug|Any CPU
		{14ED57F2-DEDC-4DF9-8325-46CB8D523213}.Debug|Any CPU.Build.0 = Debug|Any CPU
		{14ED57F2-DEDC-4DF9-8325-46CB8D523213}.Release|Any CPU.ActiveCfg = Release|Any CPU
		{14ED57F2-DEDC-4DF9-8325-46CB8D523213}.Release|Any CPU.Build.0 = Release|Any CPU
	EndGlobalSection
	GlobalSection(SolutionProperties) = preSolution
		HideSolutionNode = FALSE
	EndGlobalSection
	GlobalSection(NestedProjects) = preSolution
		{38D71084-88F0-47F2-A673-5909E12B635E} = {6F02FCBD-4B04-4949-8E94-2327AFA3F95D}
		{C933B310-EE25-485D-8858-623C041DA9B3} = {6F02FCBD-4B04-4949-8E94-2327AFA3F95D}
		{0C2CE4F5-C431-43BA-ABDA-B9828E6AECBC} = {6F02FCBD-4B04-4949-8E94-2327AFA3F95D}
		{9E8CBB0B-DF41-419F-8676-B2E5B56715A9} = {35C58941-BA55-45B1-9DFF-7A9609A6CB49}
		{E76AC73A-6FD3-4782-83A2-569D8217A3CE} = {35C58941-BA55-45B1-9DFF-7A9609A6CB49}
		{1F951B54-72E9-45B3-B687-2774F7B998A4} = {35C58941-BA55-45B1-9DFF-7A9609A6CB49}
		{7FB6250D-66A5-4C78-9E83-91984872935B} = {B018C2D9-0EBE-4BAC-9275-CDEEC11B1304}
		{52B3203D-BE4E-446B-8D01-9D4CFFB1E1A5} = {B018C2D9-0EBE-4BAC-9275-CDEEC11B1304}
		{025C83BE-9203-47A7-B748-6970E095B8EC} = {B018C2D9-0EBE-4BAC-9275-CDEEC11B1304}
		{BE950363-E671-4A3F-AA17-039109BBBEEA} = {65317123-2968-4DA3-A562-6B906A801817}
		{A12CEA0C-4226-4FE4-829E-04E54A72CC2A} = {65317123-2968-4DA3-A562-6B906A801817}
		{E1F6FA03-A2A0-4C1A-B304-89E1998FBF18} = {65317123-2968-4DA3-A562-6B906A801817}
		{1EFC646D-2C26-4AE9-9317-BA6424BE62A6} = {CAEF5782-B6D8-4E20-9EE4-32C61E517ADA}
		{B29AFA44-DBF0-4CD0-BF29-DEC4227E7FD7} = {CAEF5782-B6D8-4E20-9EE4-32C61E517ADA}
		{FC17C71F-1F10-4FED-8720-EF735A488265} = {CAEF5782-B6D8-4E20-9EE4-32C61E517ADA}
		{37637516-B54E-4613-A07D-22EE1A651DAD} = {0899B3DE-B9CA-445C-A215-2A0CAD2255E9}
		{D9386EEF-0F85-408E-90C7-0614F2C7963E} = {0899B3DE-B9CA-445C-A215-2A0CAD2255E9}
		{DCCE579C-4234-4088-8240-980531E068D3} = {0899B3DE-B9CA-445C-A215-2A0CAD2255E9}
		{F1A16269-2F80-456B-B3B2-E128E06AFAC8} = {284EF09D-657E-4738-B9FB-B5AFA356D3C5}
		{2AA040B9-079D-4226-B441-55373F2838FA} = {284EF09D-657E-4738-B9FB-B5AFA356D3C5}
		{1B9244C6-0149-4F4D-ACBA-6F7950243302} = {284EF09D-657E-4738-B9FB-B5AFA356D3C5}
		{5C1DE48E-D660-4775-8721-876142C268DC} = {1B652BC3-85C3-4587-9279-406E25FC205E}
		{A5B54815-A35A-430A-9AC3-64386CF12A75} = {1B652BC3-85C3-4587-9279-406E25FC205E}
		{14ED57F2-DEDC-4DF9-8325-46CB8D523213} = {1B652BC3-85C3-4587-9279-406E25FC205E}
	EndGlobalSection
	GlobalSection(ExtensibilityGlobals) = postSolution
		SolutionGuid = {6B1F751C-883B-4B8D-876D-776C421C8575}
	EndGlobalSection
EndGlobal
