
Microsoft Visual Studio Solution File, Format Version 12.00
# Visual Studio Version 17
VisualStudioVersion = 17.11.35312.102
MinimumVisualStudioVersion = 10.0.40219.1
Project("{2150E333-8FDC-42A3-9474-1A3956D46DE8}") = "Task0", "Task0", "{6F02FCBD-4B04-4949-8E94-2327AFA3F95D}"
EndProject
Project("{9A19103F-16F7-4668-BE54-9A1E7A4F7556}") = "Tyuiu.ZhanabaevTA.Sprint2.Task0.V3", "Tyuiu.ZhanabaevTA.Sprint2.Task0.V3\Tyuiu.ZhanabaevTA.Sprint2.Task0.V3.csproj", "{38D71084-88F0-47F2-A673-5909E12B635E}"
EndProject
Project("{9A19103F-16F7-4668-BE54-9A1E7A4F7556}") = "Tyuiu.ZhanabaevTA.Sprint2.Task0.V3.Test", "Tyuiu.ZhanabaevTA.Sprint2.Task0.V3.Test\Tyuiu.ZhanabaevTA.Sprint2.Task0.V3.Test.csproj", "{C933B310-EE25-485D-8858-623C041DA9B3}"
EndProject
Project("{9A19103F-16F7-4668-BE54-9A1E7A4F7556}") = "Tyuiu.ZhanabaevTA.Sprint2.Task0.V3.Lib", "Tyuiu.ZhanabaevTA.Sprint2.Task0.V3.Lib\Tyuiu.ZhanabaevTA.Sprint2.Task0.V3.Lib.csproj", "{0C2CE4F5-C431-43BA-ABDA-B9828E6AECBC}"
EndProject
Project("{2150E333-8FDC-42A3-9474-1A3956D46DE8}") = "Task1", "Task1", "{35C58941-BA55-45B1-9DFF-7A9609A6CB49}"
EndProject
Project("{9A19103F-16F7-4668-BE54-9A1E7A4F7556}") = "Tyuiu.ZhanabaevTA.Sprint2.Task1.V9.Lib", "Tyuiu.ZhanabaevTA.Sprint2.Task1.V9.Lib\Tyuiu.ZhanabaevTA.Sprint2.Task1.V9.Lib.csproj", "{9E8CBB0B-DF41-419F-8676-B2E5B56715A9}"
EndProject
Project("{9A19103F-16F7-4668-BE54-9A1E7A4F7556}") = "Tyuiu.ZhanabaevTA.Sprint2.Task1.V9.Test", "Tyuiu.ZhanabaevTA.Sprint2.Task1.V9.Test\Tyuiu.ZhanabaevTA.Sprint2.Task1.V9.Test.csproj", "{E76AC73A-6FD3-4782-83A2-569D8217A3CE}"
EndProject
Project("{9A19103F-16F7-4668-BE54-9A1E7A4F7556}") = "Tyuiu.ZhanabaevTA.Sprint2.Task1.V9", "Tyuiu.ZhanabaevTA.Sprint2.Task1.V9\Tyuiu.ZhanabaevTA.Sprint2.Task1.V9.csproj", "{1F951B54-72E9-45B3-B687-2774F7B998A4}"
EndProject
Project("{2150E333-8FDC-42A3-9474-1A3956D46DE8}") = "Task2", "Task2", "{B018C2D9-0EBE-4BAC-9275-CDEEC11B1304}"
EndProject
Project("{9A19103F-16F7-4668-BE54-9A1E7A4F7556}") = "Tyuiu.ZhanabaevTA.Sprint2.Task2.V8.Lib", "Tyuiu.ZhanabaevTA.Sprint2.Task2.V8.Lib\Tyuiu.ZhanabaevTA.Sprint2.Task2.V8.Lib.csproj", "{7FB6250D-66A5-4C78-9E83-91984872935B}"
EndProject
Project("{9A19103F-16F7-4668-BE54-9A1E7A4F7556}") = "Tyuiu.ZhanabaevTA.Sprint2.Task2.V8.Test", "Tyuiu.ZhanabaevTA.Sprint2.Task2.V8.Test\Tyuiu.ZhanabaevTA.Sprint2.Task2.V8.Test.csproj", "{52B3203D-BE4E-446B-8D01-9D4CFFB1E1A5}"
EndProject
Project("{9A19103F-16F7-4668-BE54-9A1E7A4F7556}") = "Tyuiu.ZhanabaevTA.Sprint2.Task2.V8", "Tyuiu.ZhanabaevTA.Sprint2.Task2.V8\Tyuiu.ZhanabaevTA.Sprint2.Task2.V8.csproj", "{025C83BE-9203-47A7-B748-6970E095B8EC}"
EndProject
Project("{2150E333-8FDC-42A3-9474-1A3956D46DE8}") = "Task3", "Task3", "{65317123-2968-4DA3-A562-6B906A801817}"
EndProject
Project("{FAE04EC0-301F-11D3-BF4B-00C04F79EFBC}") = "Tyuiu.ZhanabaevTA.Sprint2.Task3.V21.Test", "Tyuiu.ZhanabaevTA.Sprint2.Task3.V21.Test\Tyuiu.ZhanabaevTA.Sprint2.Task3.V21.Test.csproj", "{BE950363-E671-4A3F-AA17-039109BBBEEA}"
EndProject
Project("{FAE04EC0-301F-11D3-BF4B-00C04F79EFBC}") = "Tyuiu.ZhanabaevTA.Sprint2.Task3.V21.Lib", "Tyuiu.ZhanabaevTA.Sprint2.Task3.V21.Lib\Tyuiu.ZhanabaevTA.Sprint2.Task3.V21.Lib.csproj", "{A12CEA0C-4226-4FE4-829E-04E54A72CC2A}"
EndProject
Project("{FAE04EC0-301F-11D3-BF4B-00C04F79EFBC}") = "Tyuiu.ZhanabaevTA.Sprint2.Task3.V21", "Tyuiu.ZhanabaevTA.Sprint2.Task3.V21\Tyuiu.ZhanabaevTA.Sprint2.Task3.V21.csproj", "{E1F6FA03-A2A0-4C1A-B304-89E1998FBF18}"
EndProject
Global
	GlobalSection(SolutionConfigurationPlatforms) = preSolution
		Debug|Any CPU = Debug|Any CPU
		Release|Any CPU = Release|Any CPU
	EndGlobalSection
	GlobalSection(ProjectConfigurationPlatforms) = postSolution
		{38D71084-88F0-47F2-A673-5909E12B635E}.Debug|Any CPU.ActiveCfg = Debug|Any CPU
		{38D71084-88F0-47F2-A673-5909E12B635E}.Debug|Any CPU.Build.0 = Debug|Any CPU
		{38D71084-88F0-47F2-A673-5909E12B635E}.Release|Any CPU.ActiveCfg = Release|Any CPU
		{38D71084-88F0-47F2-A673-5909E12B635E}.Release|Any CPU.Build.0 = Release|Any CPU
		{C933B310-EE25-485D-8858-623C041DA9B3}.Debug|Any CPU.ActiveCfg = Debug|Any CPU
		{C933B310-EE25-485D-8858-623C041DA9B3}.Debug|Any CPU.Build.0 = Debug|Any CPU
		{C933B310-EE25-485D-8858-623C041DA9B3}.Release|Any CPU.ActiveCfg = Release|Any CPU
		{C933B310-EE25-485D-8858-623C041DA9B3}.Release|Any CPU.Build.0 = Release|Any CPU
		{0C2CE4F5-C431-43BA-ABDA-B9828E6AECBC}.Debug|Any CPU.ActiveCfg = Debug|Any CPU
		{0C2CE4F5-C431-43BA-ABDA-B9828E6AECBC}.Debug|Any CPU.Build.0 = Debug|Any CPU
		{0C2CE4F5-C431-43BA-ABDA-B9828E6AECBC}.Release|Any CPU.ActiveCfg = Release|Any CPU
		{0C2CE4F5-C431-43BA-ABDA-B9828E6AECBC}.Release|Any CPU.Build.0 = Release|Any CPU
		{9E8CBB0B-DF41-419F-8676-B2E5B56715A9}.Debug|Any CPU.ActiveCfg = Debug|Any CPU
		{9E8CBB0B-DF41-419F-8676-B2E5B56715A9}.Debug|Any CPU.Build.0 = Debug|Any CPU
		{9E8CBB0B-DF41-419F-8676-B2E5B56715A9}.Release|Any CPU.ActiveCfg = Release|Any CPU
		{9E8CBB0B-DF41-419F-8676-B2E5B56715A9}.Release|Any CPU.Build.0 = Release|Any CPU
		{E76AC73A-6FD3-4782-83A2-569D8217A3CE}.Debug|Any CPU.ActiveCfg = Debug|Any CPU
		{E76AC73A-6FD3-4782-83A2-569D8217A3CE}.Debug|Any CPU.Build.0 = Debug|Any CPU
		{E76AC73A-6FD3-4782-83A2-569D8217A3CE}.Release|Any CPU.ActiveCfg = Release|Any CPU
		{E76AC73A-6FD3-4782-83A2-569D8217A3CE}.Release|Any CPU.Build.0 = Release|Any CPU
		{1F951B54-72E9-45B3-B687-2774F7B998A4}.Debug|Any CPU.ActiveCfg = Debug|Any CPU
		{1F951B54-72E9-45B3-B687-2774F7B998A4}.Debug|Any CPU.Build.0 = Debug|Any CPU
		{1F951B54-72E9-45B3-B687-2774F7B998A4}.Release|Any CPU.ActiveCfg = Release|Any CPU
		{1F951B54-72E9-45B3-B687-2774F7B998A4}.Release|Any CPU.Build.0 = Release|Any CPU
		{7FB6250D-66A5-4C78-9E83-91984872935B}.Debug|Any CPU.ActiveCfg = Debug|Any CPU
		{7FB6250D-66A5-4C78-9E83-91984872935B}.Debug|Any CPU.Build.0 = Debug|Any CPU
		{7FB6250D-66A5-4C78-9E83-91984872935B}.Release|Any CPU.ActiveCfg = Release|Any CPU
		{7FB6250D-66A5-4C78-9E83-91984872935B}.Release|Any CPU.Build.0 = Release|Any CPU
		{52B3203D-BE4E-446B-8D01-9D4CFFB1E1A5}.Debug|Any CPU.ActiveCfg = Debug|Any CPU
		{52B3203D-BE4E-446B-8D01-9D4CFFB1E1A5}.Debug|Any CPU.Build.0 = Debug|Any CPU
		{52B3203D-BE4E-446B-8D01-9D4CFFB1E1A5}.Release|Any CPU.ActiveCfg = Release|Any CPU
		{52B3203D-BE4E-446B-8D01-9D4CFFB1E1A5}.Release|Any CPU.Build.0 = Release|Any CPU
		{025C83BE-9203-47A7-B748-6970E095B8EC}.Debug|Any CPU.ActiveCfg = Debug|Any CPU
		{025C83BE-9203-47A7-B748-6970E095B8EC}.Debug|Any CPU.Build.0 = Debug|Any CPU
		{025C83BE-9203-47A7-B748-6970E095B8EC}.Release|Any CPU.ActiveCfg = Release|Any CPU
		{025C83BE-9203-47A7-B748-6970E095B8EC}.Release|Any CPU.Build.0 = Release|Any CPU
		{BE950363-E671-4A3F-AA17-039109BBBEEA}.Debug|Any CPU.ActiveCfg = Debug|Any CPU
		{BE950363-E671-4A3F-AA17-039109BBBEEA}.Debug|Any CPU.Build.0 = Debug|Any CPU
		{BE950363-E671-4A3F-AA17-039109BBBEEA}.Release|Any CPU.ActiveCfg = Release|Any CPU
		{BE950363-E671-4A3F-AA17-039109BBBEEA}.Release|Any CPU.Build.0 = Release|Any CPU
		{A12CEA0C-4226-4FE4-829E-04E54A72CC2A}.Debug|Any CPU.ActiveCfg = Debug|Any CPU
		{A12CEA0C-4226-4FE4-829E-04E54A72CC2A}.Debug|Any CPU.Build.0 = Debug|Any CPU
		{A12CEA0C-4226-4FE4-829E-04E54A72CC2A}.Release|Any CPU.ActiveCfg = Release|Any CPU
		{A12CEA0C-4226-4FE4-829E-04E54A72CC2A}.Release|Any CPU.Build.0 = Release|Any CPU
		{E1F6FA03-A2A0-4C1A-B304-89E1998FBF18}.Debug|Any CPU.ActiveCfg = Debug|Any CPU
		{E1F6FA03-A2A0-4C1A-B304-89E1998FBF18}.Debug|Any CPU.Build.0 = Debug|Any CPU
		{E1F6FA03-A2A0-4C1A-B304-89E1998FBF18}.Release|Any CPU.ActiveCfg = Release|Any CPU
		{E1F6FA03-A2A0-4C1A-B304-89E1998FBF18}.Release|Any CPU.Build.0 = Release|Any CPU
	EndGlobalSection
	GlobalSection(SolutionProperties) = preSolution
		HideSolutionNode = FALSE
	EndGlobalSection
	GlobalSection(NestedProjects) = preSolution
		{38D71084-88F0-47F2-A673-5909E12B635E} = {6F02FCBD-4B04-4949-8E94-2327AFA3F95D}
		{C933B310-EE25-485D-8858-623C041DA9B3} = {6F02FCBD-4B04-4949-8E94-2327AFA3F95D}
		{0C2CE4F5-C431-43BA-ABDA-B9828E6AECBC} = {6F02FCBD-4B04-4949-8E94-2327AFA3F95D}
		{9E8CBB0B-DF41-419F-8676-B2E5B56715A9} = {35C58941-BA55-45B1-9DFF-7A9609A6CB49}
		{E76AC73A-6FD3-4782-83A2-569D8217A3CE} = {35C58941-BA55-45B1-9DFF-7A9609A6CB49}
		{1F951B54-72E9-45B3-B687-2774F7B998A4} = {35C58941-BA55-45B1-9DFF-7A9609A6CB49}
		{7FB6250D-66A5-4C78-9E83-91984872935B} = {B018C2D9-0EBE-4BAC-9275-CDEEC11B1304}
		{52B3203D-BE4E-446B-8D01-9D4CFFB1E1A5} = {B018C2D9-0EBE-4BAC-9275-CDEEC11B1304}
		{025C83BE-9203-47A7-B748-6970E095B8EC} = {B018C2D9-0EBE-4BAC-9275-CDEEC11B1304}
		{BE950363-E671-4A3F-AA17-039109BBBEEA} = {65317123-2968-4DA3-A562-6B906A801817}
		{A12CEA0C-4226-4FE4-829E-04E54A72CC2A} = {65317123-2968-4DA3-A562-6B906A801817}
		{E1F6FA03-A2A0-4C1A-B304-89E1998FBF18} = {65317123-2968-4DA3-A562-6B906A801817}
	EndGlobalSection
	GlobalSection(ExtensibilityGlobals) = postSolution
		SolutionGuid = {6B1F751C-883B-4B8D-876D-776C421C8575}
	EndGlobalSection
EndGlobal
